
Microsoft Visual Studio Solution File, Format Version 12.00
# Visual Studio 14
VisualStudioVersion = 14.0.25420.1
MinimumVisualStudioVersion = 10.0.40219.1
Project("{FAE04EC0-301F-11D3-BF4B-00C04F79EFBC}") = "iHRM.Web", "iHRM-Web\Web\iHRM.Web.csproj", "{14BA3006-EC25-4D78-A44E-69B117FE2752}"
EndProject
Project("{F184B08F-C81C-45F6-A57F-5ABD9991F28F}") = "iTemplate", "iHRM-Web\iTemplate\iTemplate.vbproj", "{C596116F-2210-4D6F-923C-A6A516E35846}"
EndProject
Project("{2150E333-8FDC-42A3-9474-1A3956D46DE8}") = "Web", "Web", "{D030C8E8-9639-4956-BC06-0C9B1183AD5E}"
EndProject
Project("{2150E333-8FDC-42A3-9474-1A3956D46DE8}") = "Win", "Win", "{E9AA0F63-9B4C-4A5F-BDE7-6D178148C429}"
EndProject
Project("{FAE04EC0-301F-11D3-BF4B-00C04F79EFBC}") = "iHRM.Win", "iHRM-Win\iHRM.Win\iHRM.Win.csproj", "{19B3DDFC-5EB8-494D-A7B6-8ECE0AC669DC}"
EndProject
Project("{2150E333-8FDC-42A3-9474-1A3956D46DE8}") = "Core", "Core", "{992CE409-03B1-42FF-A1E3-C5E68545B36B}"
EndProject
Project("{FAE04EC0-301F-11D3-BF4B-00C04F79EFBC}") = "iHRM.Common", "iHRM.Core\Common\iHRM.Common.csproj", "{120CAAE4-814A-43F4-8969-5753D51F8C94}"
EndProject
Project("{FAE04EC0-301F-11D3-BF4B-00C04F79EFBC}") = "iHRM.Core", "iHRM.Core\Data\iHRM.Core.csproj", "{A7A94F86-E9F6-439E-8D41-5D25832444ED}"
EndProject
Project("{2150E333-8FDC-42A3-9474-1A3956D46DE8}") = "ExtClass", "ExtClass", "{7FC984D3-9EED-4A08-BA84-337216FAD08B}"
EndProject
Project("{FAE04EC0-301F-11D3-BF4B-00C04F79EFBC}") = "YS2_Class", "Class\YS2_Class\YS2_Class.csproj", "{D926563E-BC56-4F49-9FAF-4E24198E4EE4}"
EndProject
Project("{FAE04EC0-301F-11D3-BF4B-00C04F79EFBC}") = "YSA_Class", "Class\YSA_Class\YSA_Class.csproj", "{4604FB88-065D-49F0-95BB-D89E3059C2B4}"
EndProject
Project("{FAE04EC0-301F-11D3-BF4B-00C04F79EFBC}") = "YSC_Class", "Class\YSC_Class\YSC_Class.csproj", "{54731BF9-2016-4477-A498-FC5B98BB52BD}"
EndProject
Project("{FAE04EC0-301F-11D3-BF4B-00C04F79EFBC}") = "SK3_Class", "Class\SK3_Class\SK3_Class.csproj", "{D9B072B8-2A9A-4287-A114-53E55B2BA0E9}"
EndProject
Project("{FAE04EC0-301F-11D3-BF4B-00C04F79EFBC}") = "YSB_Class", "Class\YSB_Class\YSB_Class.csproj", "{1C1BF39D-64D9-4C40-A8AC-C4EFE4CE12CA}"
EndProject
Project("{FAE04EC0-301F-11D3-BF4B-00C04F79EFBC}") = "SSVN_Class", "Class\SSVN_Class\SSVN_Class.csproj", "{36AA23D6-AE9E-443E-B836-FE5990DB37EF}"
EndProject
Project("{FAE04EC0-301F-11D3-BF4B-00C04F79EFBC}") = "SSHH_Class", "Class\SSHH_Class\SSHH_Class.csproj", "{1ABA5A5F-3484-4D41-9208-84205584856B}"
EndProject
Project("{FAE04EC0-301F-11D3-BF4B-00C04F79EFBC}") = "SSYT_Class", "Class\SSYT_Class\SSYT_Class.csproj", "{3528BAB7-CC3B-42E8-8A5C-B942433A2574}"
EndProject
Project("{2150E333-8FDC-42A3-9474-1A3956D46DE8}") = "BiOMatrix", "BiOMatrix", "{54D72DA2-A433-4822-914D-948693A4B765}"
EndProject
Project("{2150E333-8FDC-42A3-9474-1A3956D46DE8}") = "UpdateManager", "UpdateManager", "{F58797EA-2803-4EA9-B889-EFF0BA874CC0}"
EndProject
Project("{54435603-DBB4-11D2-8724-00A0C9A8B90C}") = "Setup_sHRM_SSBM", "Setup_sHRM_SSBM\Setup_sHRM_SSBM.vdproj", "{12883CBF-13F8-45E1-9C31-948EE29A3221}"
EndProject
Project("{FAE04EC0-301F-11D3-BF4B-00C04F79EFBC}") = "UpdateConfig", "UpdatesHRM\UpdateConfig\UpdateConfig.csproj", "{82AFA902-4B7C-4D9E-8311-4CFF4AA6CDE6}"
EndProject
Project("{FAE04EC0-301F-11D3-BF4B-00C04F79EFBC}") = "UpdatesHRM", "UpdatesHRM\UpdatesHRM\UpdatesHRM.csproj", "{1A40B2CF-AD79-41D5-9815-D6683CE9DE49}"
EndProject
Project("{FAE04EC0-301F-11D3-BF4B-00C04F79EFBC}") = "SetupAttMachine", "..\SetupAttMachine\SetupAttMachine\SetupAttMachine.csproj", "{758BA291-5909-4F39-8EB9-ACADDF75AD92}"
EndProject
Project("{FAE04EC0-301F-11D3-BF4B-00C04F79EFBC}") = "AttMachineCore", "..\MayChamCong_Manager\AttMachineCore\AttMachineCore.csproj", "{4EE3902F-1316-4014-AE35-82610038798C}"
EndProject
Global
	GlobalSection(SolutionConfigurationPlatforms) = preSolution
		Debug|Any CPU = Debug|Any CPU
		Debug|Mixed Platforms = Debug|Mixed Platforms
		Debug|x64 = Debug|x64
		Debug|x86 = Debug|x86
		Release|Any CPU = Release|Any CPU
		Release|Mixed Platforms = Release|Mixed Platforms
		Release|x64 = Release|x64
		Release|x86 = Release|x86
	EndGlobalSection
	GlobalSection(ProjectConfigurationPlatforms) = postSolution
		{14BA3006-EC25-4D78-A44E-69B117FE2752}.Debug|Any CPU.ActiveCfg = Debug|Any CPU
		{14BA3006-EC25-4D78-A44E-69B117FE2752}.Debug|Any CPU.Build.0 = Debug|Any CPU
		{14BA3006-EC25-4D78-A44E-69B117FE2752}.Debug|Mixed Platforms.ActiveCfg = Debug|Any CPU
		{14BA3006-EC25-4D78-A44E-69B117FE2752}.Debug|Mixed Platforms.Build.0 = Debug|Any CPU
		{14BA3006-EC25-4D78-A44E-69B117FE2752}.Debug|x64.ActiveCfg = Debug|Any CPU
		{14BA3006-EC25-4D78-A44E-69B117FE2752}.Debug|x86.ActiveCfg = Debug|x86
		{14BA3006-EC25-4D78-A44E-69B117FE2752}.Debug|x86.Build.0 = Debug|x86
		{14BA3006-EC25-4D78-A44E-69B117FE2752}.Release|Any CPU.ActiveCfg = Release|Any CPU
		{14BA3006-EC25-4D78-A44E-69B117FE2752}.Release|Any CPU.Build.0 = Release|Any CPU
		{14BA3006-EC25-4D78-A44E-69B117FE2752}.Release|Mixed Platforms.ActiveCfg = Release|x86
		{14BA3006-EC25-4D78-A44E-69B117FE2752}.Release|Mixed Platforms.Build.0 = Release|x86
		{14BA3006-EC25-4D78-A44E-69B117FE2752}.Release|x64.ActiveCfg = Release|Any CPU
		{14BA3006-EC25-4D78-A44E-69B117FE2752}.Release|x86.ActiveCfg = Release|x86
		{14BA3006-EC25-4D78-A44E-69B117FE2752}.Release|x86.Build.0 = Release|x86
		{C596116F-2210-4D6F-923C-A6A516E35846}.Debug|Any CPU.ActiveCfg = Debug|Any CPU
		{C596116F-2210-4D6F-923C-A6A516E35846}.Debug|Any CPU.Build.0 = Debug|Any CPU
		{C596116F-2210-4D6F-923C-A6A516E35846}.Debug|Mixed Platforms.ActiveCfg = Debug|Any CPU
		{C596116F-2210-4D6F-923C-A6A516E35846}.Debug|Mixed Platforms.Build.0 = Debug|Any CPU
		{C596116F-2210-4D6F-923C-A6A516E35846}.Debug|x64.ActiveCfg = Debug|Any CPU
		{C596116F-2210-4D6F-923C-A6A516E35846}.Debug|x86.ActiveCfg = Debug|Any CPU
		{C596116F-2210-4D6F-923C-A6A516E35846}.Release|Any CPU.ActiveCfg = Release|Any CPU
		{C596116F-2210-4D6F-923C-A6A516E35846}.Release|Any CPU.Build.0 = Release|Any CPU
		{C596116F-2210-4D6F-923C-A6A516E35846}.Release|Mixed Platforms.ActiveCfg = Release|Any CPU
		{C596116F-2210-4D6F-923C-A6A516E35846}.Release|Mixed Platforms.Build.0 = Release|Any CPU
		{C596116F-2210-4D6F-923C-A6A516E35846}.Release|x64.ActiveCfg = Release|Any CPU
		{C596116F-2210-4D6F-923C-A6A516E35846}.Release|x86.ActiveCfg = Release|Any CPU
		{19B3DDFC-5EB8-494D-A7B6-8ECE0AC669DC}.Debug|Any CPU.ActiveCfg = Debug|Any CPU
		{19B3DDFC-5EB8-494D-A7B6-8ECE0AC669DC}.Debug|Any CPU.Build.0 = Debug|Any CPU
		{19B3DDFC-5EB8-494D-A7B6-8ECE0AC669DC}.Debug|Mixed Platforms.ActiveCfg = Debug|Any CPU
		{19B3DDFC-5EB8-494D-A7B6-8ECE0AC669DC}.Debug|Mixed Platforms.Build.0 = Debug|Any CPU
		{19B3DDFC-5EB8-494D-A7B6-8ECE0AC669DC}.Debug|x64.ActiveCfg = Debug|Any CPU
		{19B3DDFC-5EB8-494D-A7B6-8ECE0AC669DC}.Debug|x64.Build.0 = Debug|Any CPU
		{19B3DDFC-5EB8-494D-A7B6-8ECE0AC669DC}.Debug|x86.ActiveCfg = Debug|Any CPU
		{19B3DDFC-5EB8-494D-A7B6-8ECE0AC669DC}.Debug|x86.Build.0 = Debug|Any CPU
		{19B3DDFC-5EB8-494D-A7B6-8ECE0AC669DC}.Release|Any CPU.ActiveCfg = Release|Any CPU
		{19B3DDFC-5EB8-494D-A7B6-8ECE0AC669DC}.Release|Any CPU.Build.0 = Release|Any CPU
		{19B3DDFC-5EB8-494D-A7B6-8ECE0AC669DC}.Release|Mixed Platforms.ActiveCfg = Release|Any CPU
		{19B3DDFC-5EB8-494D-A7B6-8ECE0AC669DC}.Release|Mixed Platforms.Build.0 = Release|Any CPU
		{19B3DDFC-5EB8-494D-A7B6-8ECE0AC669DC}.Release|x64.ActiveCfg = Release|Any CPU
		{19B3DDFC-5EB8-494D-A7B6-8ECE0AC669DC}.Release|x64.Build.0 = Release|Any CPU
		{19B3DDFC-5EB8-494D-A7B6-8ECE0AC669DC}.Release|x86.ActiveCfg = Release|Any CPU
		{19B3DDFC-5EB8-494D-A7B6-8ECE0AC669DC}.Release|x86.Build.0 = Release|Any CPU
		{120CAAE4-814A-43F4-8969-5753D51F8C94}.Debug|Any CPU.ActiveCfg = Debug|Any CPU
		{120CAAE4-814A-43F4-8969-5753D51F8C94}.Debug|Any CPU.Build.0 = Debug|Any CPU
		{120CAAE4-814A-43F4-8969-5753D51F8C94}.Debug|Mixed Platforms.ActiveCfg = Debug|Any CPU
		{120CAAE4-814A-43F4-8969-5753D51F8C94}.Debug|Mixed Platforms.Build.0 = Debug|Any CPU
		{120CAAE4-814A-43F4-8969-5753D51F8C94}.Debug|x64.ActiveCfg = Debug|Any CPU
		{120CAAE4-814A-43F4-8969-5753D51F8C94}.Debug|x64.Build.0 = Debug|Any CPU
		{120CAAE4-814A-43F4-8969-5753D51F8C94}.Debug|x86.ActiveCfg = Debug|Any CPU
		{120CAAE4-814A-43F4-8969-5753D51F8C94}.Debug|x86.Build.0 = Debug|Any CPU
		{120CAAE4-814A-43F4-8969-5753D51F8C94}.Release|Any CPU.ActiveCfg = Release|Any CPU
		{120CAAE4-814A-43F4-8969-5753D51F8C94}.Release|Any CPU.Build.0 = Release|Any CPU
		{120CAAE4-814A-43F4-8969-5753D51F8C94}.Release|Mixed Platforms.ActiveCfg = Release|Any CPU
		{120CAAE4-814A-43F4-8969-5753D51F8C94}.Release|Mixed Platforms.Build.0 = Release|Any CPU
		{120CAAE4-814A-43F4-8969-5753D51F8C94}.Release|x64.ActiveCfg = Release|Any CPU
		{120CAAE4-814A-43F4-8969-5753D51F8C94}.Release|x64.Build.0 = Release|Any CPU
		{120CAAE4-814A-43F4-8969-5753D51F8C94}.Release|x86.ActiveCfg = Release|Any CPU
		{120CAAE4-814A-43F4-8969-5753D51F8C94}.Release|x86.Build.0 = Release|Any CPU
		{A7A94F86-E9F6-439E-8D41-5D25832444ED}.Debug|Any CPU.ActiveCfg = Debug|Any CPU
		{A7A94F86-E9F6-439E-8D41-5D25832444ED}.Debug|Any CPU.Build.0 = Debug|Any CPU
		{A7A94F86-E9F6-439E-8D41-5D25832444ED}.Debug|Mixed Platforms.ActiveCfg = Debug|Any CPU
		{A7A94F86-E9F6-439E-8D41-5D25832444ED}.Debug|Mixed Platforms.Build.0 = Debug|Any CPU
		{A7A94F86-E9F6-439E-8D41-5D25832444ED}.Debug|x64.ActiveCfg = Debug|Any CPU
		{A7A94F86-E9F6-439E-8D41-5D25832444ED}.Debug|x64.Build.0 = Debug|Any CPU
		{A7A94F86-E9F6-439E-8D41-5D25832444ED}.Debug|x86.ActiveCfg = Debug|Any CPU
		{A7A94F86-E9F6-439E-8D41-5D25832444ED}.Debug|x86.Build.0 = Debug|Any CPU
		{A7A94F86-E9F6-439E-8D41-5D25832444ED}.Release|Any CPU.ActiveCfg = Release|Any CPU
		{A7A94F86-E9F6-439E-8D41-5D25832444ED}.Release|Any CPU.Build.0 = Release|Any CPU
		{A7A94F86-E9F6-439E-8D41-5D25832444ED}.Release|Mixed Platforms.ActiveCfg = Release|Any CPU
		{A7A94F86-E9F6-439E-8D41-5D25832444ED}.Release|Mixed Platforms.Build.0 = Release|Any CPU
		{A7A94F86-E9F6-439E-8D41-5D25832444ED}.Release|x64.ActiveCfg = Release|Any CPU
		{A7A94F86-E9F6-439E-8D41-5D25832444ED}.Release|x64.Build.0 = Release|Any CPU
		{A7A94F86-E9F6-439E-8D41-5D25832444ED}.Release|x86.ActiveCfg = Release|Any CPU
		{A7A94F86-E9F6-439E-8D41-5D25832444ED}.Release|x86.Build.0 = Release|Any CPU
		{D926563E-BC56-4F49-9FAF-4E24198E4EE4}.Debug|Any CPU.ActiveCfg = Debug|Any CPU
		{D926563E-BC56-4F49-9FAF-4E24198E4EE4}.Debug|Any CPU.Build.0 = Debug|Any CPU
		{D926563E-BC56-4F49-9FAF-4E24198E4EE4}.Debug|Mixed Platforms.ActiveCfg = Debug|Any CPU
		{D926563E-BC56-4F49-9FAF-4E24198E4EE4}.Debug|Mixed Platforms.Build.0 = Debug|Any CPU
		{D926563E-BC56-4F49-9FAF-4E24198E4EE4}.Debug|x64.ActiveCfg = Debug|Any CPU
		{D926563E-BC56-4F49-9FAF-4E24198E4EE4}.Debug|x64.Build.0 = Debug|Any CPU
		{D926563E-BC56-4F49-9FAF-4E24198E4EE4}.Debug|x86.ActiveCfg = Debug|Any CPU
		{D926563E-BC56-4F49-9FAF-4E24198E4EE4}.Release|Any CPU.ActiveCfg = Release|Any CPU
		{D926563E-BC56-4F49-9FAF-4E24198E4EE4}.Release|Any CPU.Build.0 = Release|Any CPU
		{D926563E-BC56-4F49-9FAF-4E24198E4EE4}.Release|Mixed Platforms.ActiveCfg = Release|Any CPU
		{D926563E-BC56-4F49-9FAF-4E24198E4EE4}.Release|Mixed Platforms.Build.0 = Release|Any CPU
		{D926563E-BC56-4F49-9FAF-4E24198E4EE4}.Release|x64.ActiveCfg = Release|Any CPU
		{D926563E-BC56-4F49-9FAF-4E24198E4EE4}.Release|x64.Build.0 = Release|Any CPU
		{D926563E-BC56-4F49-9FAF-4E24198E4EE4}.Release|x86.ActiveCfg = Release|Any CPU
		{4604FB88-065D-49F0-95BB-D89E3059C2B4}.Debug|Any CPU.ActiveCfg = Debug|Any CPU
		{4604FB88-065D-49F0-95BB-D89E3059C2B4}.Debug|Any CPU.Build.0 = Debug|Any CPU
		{4604FB88-065D-49F0-95BB-D89E3059C2B4}.Debug|Mixed Platforms.ActiveCfg = Debug|Any CPU
		{4604FB88-065D-49F0-95BB-D89E3059C2B4}.Debug|Mixed Platforms.Build.0 = Debug|Any CPU
		{4604FB88-065D-49F0-95BB-D89E3059C2B4}.Debug|x64.ActiveCfg = Debug|Any CPU
		{4604FB88-065D-49F0-95BB-D89E3059C2B4}.Debug|x64.Build.0 = Debug|Any CPU
		{4604FB88-065D-49F0-95BB-D89E3059C2B4}.Debug|x86.ActiveCfg = Debug|Any CPU
		{4604FB88-065D-49F0-95BB-D89E3059C2B4}.Release|Any CPU.ActiveCfg = Release|Any CPU
		{4604FB88-065D-49F0-95BB-D89E3059C2B4}.Release|Any CPU.Build.0 = Release|Any CPU
		{4604FB88-065D-49F0-95BB-D89E3059C2B4}.Release|Mixed Platforms.ActiveCfg = Release|Any CPU
		{4604FB88-065D-49F0-95BB-D89E3059C2B4}.Release|Mixed Platforms.Build.0 = Release|Any CPU
		{4604FB88-065D-49F0-95BB-D89E3059C2B4}.Release|x64.ActiveCfg = Release|Any CPU
		{4604FB88-065D-49F0-95BB-D89E3059C2B4}.Release|x64.Build.0 = Release|Any CPU
		{4604FB88-065D-49F0-95BB-D89E3059C2B4}.Release|x86.ActiveCfg = Release|Any CPU
		{54731BF9-2016-4477-A498-FC5B98BB52BD}.Debug|Any CPU.ActiveCfg = Debug|Any CPU
		{54731BF9-2016-4477-A498-FC5B98BB52BD}.Debug|Any CPU.Build.0 = Debug|Any CPU
		{54731BF9-2016-4477-A498-FC5B98BB52BD}.Debug|Mixed Platforms.ActiveCfg = Debug|Any CPU
		{54731BF9-2016-4477-A498-FC5B98BB52BD}.Debug|Mixed Platforms.Build.0 = Debug|Any CPU
		{54731BF9-2016-4477-A498-FC5B98BB52BD}.Debug|x64.ActiveCfg = Debug|Any CPU
		{54731BF9-2016-4477-A498-FC5B98BB52BD}.Debug|x64.Build.0 = Debug|Any CPU
		{54731BF9-2016-4477-A498-FC5B98BB52BD}.Debug|x86.ActiveCfg = Debug|Any CPU
		{54731BF9-2016-4477-A498-FC5B98BB52BD}.Release|Any CPU.ActiveCfg = Release|Any CPU
		{54731BF9-2016-4477-A498-FC5B98BB52BD}.Release|Any CPU.Build.0 = Release|Any CPU
		{54731BF9-2016-4477-A498-FC5B98BB52BD}.Release|Mixed Platforms.ActiveCfg = Release|Any CPU
		{54731BF9-2016-4477-A498-FC5B98BB52BD}.Release|Mixed Platforms.Build.0 = Release|Any CPU
		{54731BF9-2016-4477-A498-FC5B98BB52BD}.Release|x64.ActiveCfg = Release|Any CPU
		{54731BF9-2016-4477-A498-FC5B98BB52BD}.Release|x64.Build.0 = Release|Any CPU
		{54731BF9-2016-4477-A498-FC5B98BB52BD}.Release|x86.ActiveCfg = Release|Any CPU
		{D9B072B8-2A9A-4287-A114-53E55B2BA0E9}.Debug|Any CPU.ActiveCfg = Debug|Any CPU
		{D9B072B8-2A9A-4287-A114-53E55B2BA0E9}.Debug|Any CPU.Build.0 = Debug|Any CPU
		{D9B072B8-2A9A-4287-A114-53E55B2BA0E9}.Debug|Mixed Platforms.ActiveCfg = Debug|Any CPU
		{D9B072B8-2A9A-4287-A114-53E55B2BA0E9}.Debug|Mixed Platforms.Build.0 = Debug|Any CPU
		{D9B072B8-2A9A-4287-A114-53E55B2BA0E9}.Debug|x64.ActiveCfg = Debug|Any CPU
		{D9B072B8-2A9A-4287-A114-53E55B2BA0E9}.Debug|x64.Build.0 = Debug|Any CPU
		{D9B072B8-2A9A-4287-A114-53E55B2BA0E9}.Debug|x86.ActiveCfg = Debug|Any CPU
		{D9B072B8-2A9A-4287-A114-53E55B2BA0E9}.Release|Any CPU.ActiveCfg = Release|Any CPU
		{D9B072B8-2A9A-4287-A114-53E55B2BA0E9}.Release|Any CPU.Build.0 = Release|Any CPU
		{D9B072B8-2A9A-4287-A114-53E55B2BA0E9}.Release|Mixed Platforms.ActiveCfg = Release|Any CPU
		{D9B072B8-2A9A-4287-A114-53E55B2BA0E9}.Release|Mixed Platforms.Build.0 = Release|Any CPU
		{D9B072B8-2A9A-4287-A114-53E55B2BA0E9}.Release|x64.ActiveCfg = Release|Any CPU
		{D9B072B8-2A9A-4287-A114-53E55B2BA0E9}.Release|x64.Build.0 = Release|Any CPU
		{D9B072B8-2A9A-4287-A114-53E55B2BA0E9}.Release|x86.ActiveCfg = Release|Any CPU
		{1C1BF39D-64D9-4C40-A8AC-C4EFE4CE12CA}.Debug|Any CPU.ActiveCfg = Debug|Any CPU
		{1C1BF39D-64D9-4C40-A8AC-C4EFE4CE12CA}.Debug|Any CPU.Build.0 = Debug|Any CPU
		{1C1BF39D-64D9-4C40-A8AC-C4EFE4CE12CA}.Debug|Mixed Platforms.ActiveCfg = Debug|Any CPU
		{1C1BF39D-64D9-4C40-A8AC-C4EFE4CE12CA}.Debug|Mixed Platforms.Build.0 = Debug|Any CPU
		{1C1BF39D-64D9-4C40-A8AC-C4EFE4CE12CA}.Debug|x64.ActiveCfg = Debug|Any CPU
		{1C1BF39D-64D9-4C40-A8AC-C4EFE4CE12CA}.Debug|x64.Build.0 = Debug|Any CPU
		{1C1BF39D-64D9-4C40-A8AC-C4EFE4CE12CA}.Debug|x86.ActiveCfg = Debug|Any CPU
		{1C1BF39D-64D9-4C40-A8AC-C4EFE4CE12CA}.Release|Any CPU.ActiveCfg = Release|Any CPU
		{1C1BF39D-64D9-4C40-A8AC-C4EFE4CE12CA}.Release|Any CPU.Build.0 = Release|Any CPU
		{1C1BF39D-64D9-4C40-A8AC-C4EFE4CE12CA}.Release|Mixed Platforms.ActiveCfg = Release|Any CPU
		{1C1BF39D-64D9-4C40-A8AC-C4EFE4CE12CA}.Release|Mixed Platforms.Build.0 = Release|Any CPU
		{1C1BF39D-64D9-4C40-A8AC-C4EFE4CE12CA}.Release|x64.ActiveCfg = Release|Any CPU
		{1C1BF39D-64D9-4C40-A8AC-C4EFE4CE12CA}.Release|x64.Build.0 = Release|Any CPU
		{1C1BF39D-64D9-4C40-A8AC-C4EFE4CE12CA}.Release|x86.ActiveCfg = Release|Any CPU
		{36AA23D6-AE9E-443E-B836-FE5990DB37EF}.Debug|Any CPU.ActiveCfg = Debug|Any CPU
		{36AA23D6-AE9E-443E-B836-FE5990DB37EF}.Debug|Any CPU.Build.0 = Debug|Any CPU
		{36AA23D6-AE9E-443E-B836-FE5990DB37EF}.Debug|Mixed Platforms.ActiveCfg = Debug|Any CPU
		{36AA23D6-AE9E-443E-B836-FE5990DB37EF}.Debug|Mixed Platforms.Build.0 = Debug|Any CPU
		{36AA23D6-AE9E-443E-B836-FE5990DB37EF}.Debug|x64.ActiveCfg = Debug|Any CPU
		{36AA23D6-AE9E-443E-B836-FE5990DB37EF}.Debug|x64.Build.0 = Debug|Any CPU
		{36AA23D6-AE9E-443E-B836-FE5990DB37EF}.Debug|x86.ActiveCfg = Debug|Any CPU
		{36AA23D6-AE9E-443E-B836-FE5990DB37EF}.Release|Any CPU.ActiveCfg = Release|Any CPU
		{36AA23D6-AE9E-443E-B836-FE5990DB37EF}.Release|Any CPU.Build.0 = Release|Any CPU
		{36AA23D6-AE9E-443E-B836-FE5990DB37EF}.Release|Mixed Platforms.ActiveCfg = Release|Any CPU
		{36AA23D6-AE9E-443E-B836-FE5990DB37EF}.Release|Mixed Platforms.Build.0 = Release|Any CPU
		{36AA23D6-AE9E-443E-B836-FE5990DB37EF}.Release|x64.ActiveCfg = Release|Any CPU
		{36AA23D6-AE9E-443E-B836-FE5990DB37EF}.Release|x64.Build.0 = Release|Any CPU
		{36AA23D6-AE9E-443E-B836-FE5990DB37EF}.Release|x86.ActiveCfg = Release|Any CPU
		{1ABA5A5F-3484-4D41-9208-84205584856B}.Debug|Any CPU.ActiveCfg = Debug|Any CPU
		{1ABA5A5F-3484-4D41-9208-84205584856B}.Debug|Any CPU.Build.0 = Debug|Any CPU
		{1ABA5A5F-3484-4D41-9208-84205584856B}.Debug|Mixed Platforms.ActiveCfg = Debug|Any CPU
		{1ABA5A5F-3484-4D41-9208-84205584856B}.Debug|Mixed Platforms.Build.0 = Debug|Any CPU
		{1ABA5A5F-3484-4D41-9208-84205584856B}.Debug|x64.ActiveCfg = Debug|Any CPU
		{1ABA5A5F-3484-4D41-9208-84205584856B}.Debug|x64.Build.0 = Debug|Any CPU
		{1ABA5A5F-3484-4D41-9208-84205584856B}.Debug|x86.ActiveCfg = Debug|Any CPU
		{1ABA5A5F-3484-4D41-9208-84205584856B}.Debug|x86.Build.0 = Debug|Any CPU
		{1ABA5A5F-3484-4D41-9208-84205584856B}.Release|Any CPU.ActiveCfg = Release|Any CPU
		{1ABA5A5F-3484-4D41-9208-84205584856B}.Release|Any CPU.Build.0 = Release|Any CPU
		{1ABA5A5F-3484-4D41-9208-84205584856B}.Release|Mixed Platforms.ActiveCfg = Release|Any CPU
		{1ABA5A5F-3484-4D41-9208-84205584856B}.Release|Mixed Platforms.Build.0 = Release|Any CPU
		{1ABA5A5F-3484-4D41-9208-84205584856B}.Release|x64.ActiveCfg = Release|Any CPU
		{1ABA5A5F-3484-4D41-9208-84205584856B}.Release|x64.Build.0 = Release|Any CPU
		{1ABA5A5F-3484-4D41-9208-84205584856B}.Release|x86.ActiveCfg = Release|Any CPU
		{1ABA5A5F-3484-4D41-9208-84205584856B}.Release|x86.Build.0 = Release|Any CPU
		{3528BAB7-CC3B-42E8-8A5C-B942433A2574}.Debug|Any CPU.ActiveCfg = Debug|Any CPU
		{3528BAB7-CC3B-42E8-8A5C-B942433A2574}.Debug|Any CPU.Build.0 = Debug|Any CPU
		{3528BAB7-CC3B-42E8-8A5C-B942433A2574}.Debug|Mixed Platforms.ActiveCfg = Debug|Any CPU
		{3528BAB7-CC3B-42E8-8A5C-B942433A2574}.Debug|Mixed Platforms.Build.0 = Debug|Any CPU
		{3528BAB7-CC3B-42E8-8A5C-B942433A2574}.Debug|x64.ActiveCfg = Debug|Any CPU
		{3528BAB7-CC3B-42E8-8A5C-B942433A2574}.Debug|x64.Build.0 = Debug|Any CPU
		{3528BAB7-CC3B-42E8-8A5C-B942433A2574}.Debug|x86.ActiveCfg = Debug|Any CPU
		{3528BAB7-CC3B-42E8-8A5C-B942433A2574}.Debug|x86.Build.0 = Debug|Any CPU
		{3528BAB7-CC3B-42E8-8A5C-B942433A2574}.Release|Any CPU.ActiveCfg = Release|Any CPU
		{3528BAB7-CC3B-42E8-8A5C-B942433A2574}.Release|Any CPU.Build.0 = Release|Any CPU
		{3528BAB7-CC3B-42E8-8A5C-B942433A2574}.Release|Mixed Platforms.ActiveCfg = Release|Any CPU
		{3528BAB7-CC3B-42E8-8A5C-B942433A2574}.Release|Mixed Platforms.Build.0 = Release|Any CPU
		{3528BAB7-CC3B-42E8-8A5C-B942433A2574}.Release|x64.ActiveCfg = Release|Any CPU
		{3528BAB7-CC3B-42E8-8A5C-B942433A2574}.Release|x64.Build.0 = Release|Any CPU
		{3528BAB7-CC3B-42E8-8A5C-B942433A2574}.Release|x86.ActiveCfg = Release|Any CPU
		{3528BAB7-CC3B-42E8-8A5C-B942433A2574}.Release|x86.Build.0 = Release|Any CPU
		{12883CBF-13F8-45E1-9C31-948EE29A3221}.Debug|Any CPU.ActiveCfg = Debug
		{12883CBF-13F8-45E1-9C31-948EE29A3221}.Debug|Mixed Platforms.ActiveCfg = Debug
		{12883CBF-13F8-45E1-9C31-948EE29A3221}.Debug|x64.ActiveCfg = Debug
		{12883CBF-13F8-45E1-9C31-948EE29A3221}.Debug|x86.ActiveCfg = Debug
		{12883CBF-13F8-45E1-9C31-948EE29A3221}.Release|Any CPU.ActiveCfg = Release
		{12883CBF-13F8-45E1-9C31-948EE29A3221}.Release|Mixed Platforms.ActiveCfg = Release
		{12883CBF-13F8-45E1-9C31-948EE29A3221}.Release|x64.ActiveCfg = Release
		{12883CBF-13F8-45E1-9C31-948EE29A3221}.Release|x86.ActiveCfg = Release
		{82AFA902-4B7C-4D9E-8311-4CFF4AA6CDE6}.Debug|Any CPU.ActiveCfg = Debug|Any CPU
		{82AFA902-4B7C-4D9E-8311-4CFF4AA6CDE6}.Debug|Any CPU.Build.0 = Debug|Any CPU
		{82AFA902-4B7C-4D9E-8311-4CFF4AA6CDE6}.Debug|Mixed Platforms.ActiveCfg = Debug|x86
		{82AFA902-4B7C-4D9E-8311-4CFF4AA6CDE6}.Debug|Mixed Platforms.Build.0 = Debug|x86
		{82AFA902-4B7C-4D9E-8311-4CFF4AA6CDE6}.Debug|x64.ActiveCfg = Debug|Any CPU
		{82AFA902-4B7C-4D9E-8311-4CFF4AA6CDE6}.Debug|x64.Build.0 = Debug|Any CPU
		{82AFA902-4B7C-4D9E-8311-4CFF4AA6CDE6}.Debug|x86.ActiveCfg = Debug|x86
		{82AFA902-4B7C-4D9E-8311-4CFF4AA6CDE6}.Debug|x86.Build.0 = Debug|x86
		{82AFA902-4B7C-4D9E-8311-4CFF4AA6CDE6}.Release|Any CPU.ActiveCfg = Release|Any CPU
		{82AFA902-4B7C-4D9E-8311-4CFF4AA6CDE6}.Release|Any CPU.Build.0 = Release|Any CPU
		{82AFA902-4B7C-4D9E-8311-4CFF4AA6CDE6}.Release|Mixed Platforms.ActiveCfg = Release|x86
		{82AFA902-4B7C-4D9E-8311-4CFF4AA6CDE6}.Release|Mixed Platforms.Build.0 = Release|x86
		{82AFA902-4B7C-4D9E-8311-4CFF4AA6CDE6}.Release|x64.ActiveCfg = Release|Any CPU
		{82AFA902-4B7C-4D9E-8311-4CFF4AA6CDE6}.Release|x64.Build.0 = Release|Any CPU
		{82AFA902-4B7C-4D9E-8311-4CFF4AA6CDE6}.Release|x86.ActiveCfg = Release|x86
		{82AFA902-4B7C-4D9E-8311-4CFF4AA6CDE6}.Release|x86.Build.0 = Release|x86
		{1A40B2CF-AD79-41D5-9815-D6683CE9DE49}.Debug|Any CPU.ActiveCfg = Debug|Any CPU
		{1A40B2CF-AD79-41D5-9815-D6683CE9DE49}.Debug|Any CPU.Build.0 = Debug|Any CPU
		{1A40B2CF-AD79-41D5-9815-D6683CE9DE49}.Debug|Mixed Platforms.ActiveCfg = Debug|x86
		{1A40B2CF-AD79-41D5-9815-D6683CE9DE49}.Debug|Mixed Platforms.Build.0 = Debug|x86
		{1A40B2CF-AD79-41D5-9815-D6683CE9DE49}.Debug|x64.ActiveCfg = Debug|Any CPU
		{1A40B2CF-AD79-41D5-9815-D6683CE9DE49}.Debug|x64.Build.0 = Debug|Any CPU
		{1A40B2CF-AD79-41D5-9815-D6683CE9DE49}.Debug|x86.ActiveCfg = Debug|x86
		{1A40B2CF-AD79-41D5-9815-D6683CE9DE49}.Debug|x86.Build.0 = Debug|x86
		{1A40B2CF-AD79-41D5-9815-D6683CE9DE49}.Release|Any CPU.ActiveCfg = Release|Any CPU
		{1A40B2CF-AD79-41D5-9815-D6683CE9DE49}.Release|Any CPU.Build.0 = Release|Any CPU
		{1A40B2CF-AD79-41D5-9815-D6683CE9DE49}.Release|Mixed Platforms.ActiveCfg = Release|x86
		{1A40B2CF-AD79-41D5-9815-D6683CE9DE49}.Release|Mixed Platforms.Build.0 = Release|x86
		{1A40B2CF-AD79-41D5-9815-D6683CE9DE49}.Release|x64.ActiveCfg = Release|Any CPU
		{1A40B2CF-AD79-41D5-9815-D6683CE9DE49}.Release|x64.Build.0 = Release|Any CPU
		{1A40B2CF-AD79-41D5-9815-D6683CE9DE49}.Release|x86.ActiveCfg = Release|x86
		{1A40B2CF-AD79-41D5-9815-D6683CE9DE49}.Release|x86.Build.0 = Release|x86
		{758BA291-5909-4F39-8EB9-ACADDF75AD92}.Debug|Any CPU.ActiveCfg = Debug|Any CPU
		{758BA291-5909-4F39-8EB9-ACADDF75AD92}.Debug|Any CPU.Build.0 = Debug|Any CPU
		{758BA291-5909-4F39-8EB9-ACADDF75AD92}.Debug|Mixed Platforms.ActiveCfg = Debug|Any CPU
		{758BA291-5909-4F39-8EB9-ACADDF75AD92}.Debug|Mixed Platforms.Build.0 = Debug|Any CPU
		{758BA291-5909-4F39-8EB9-ACADDF75AD92}.Debug|x64.ActiveCfg = Debug|Any CPU
		{758BA291-5909-4F39-8EB9-ACADDF75AD92}.Debug|x64.Build.0 = Debug|Any CPU
		{758BA291-5909-4F39-8EB9-ACADDF75AD92}.Debug|x86.ActiveCfg = Debug|Any CPU
		{758BA291-5909-4F39-8EB9-ACADDF75AD92}.Debug|x86.Build.0 = Debug|Any CPU
		{758BA291-5909-4F39-8EB9-ACADDF75AD92}.Release|Any CPU.ActiveCfg = Release|Any CPU
		{758BA291-5909-4F39-8EB9-ACADDF75AD92}.Release|Any CPU.Build.0 = Release|Any CPU
		{758BA291-5909-4F39-8EB9-ACADDF75AD92}.Release|Mixed Platforms.ActiveCfg = Release|Any CPU
		{758BA291-5909-4F39-8EB9-ACADDF75AD92}.Release|Mixed Platforms.Build.0 = Release|Any CPU
		{758BA291-5909-4F39-8EB9-ACADDF75AD92}.Release|x64.ActiveCfg = Release|Any CPU
		{758BA291-5909-4F39-8EB9-ACADDF75AD92}.Release|x64.Build.0 = Release|Any CPU
		{758BA291-5909-4F39-8EB9-ACADDF75AD92}.Release|x86.ActiveCfg = Release|Any CPU
		{758BA291-5909-4F39-8EB9-ACADDF75AD92}.Release|x86.Build.0 = Release|Any CPU
		{4EE3902F-1316-4014-AE35-82610038798C}.Debug|Any CPU.ActiveCfg = Debug|Any CPU
		{4EE3902F-1316-4014-AE35-82610038798C}.Debug|Any CPU.Build.0 = Debug|Any CPU
		{4EE3902F-1316-4014-AE35-82610038798C}.Debug|Mixed Platforms.ActiveCfg = Debug|Any CPU
		{4EE3902F-1316-4014-AE35-82610038798C}.Debug|Mixed Platforms.Build.0 = Debug|Any CPU
		{4EE3902F-1316-4014-AE35-82610038798C}.Debug|x64.ActiveCfg = Debug|Any CPU
		{4EE3902F-1316-4014-AE35-82610038798C}.Debug|x64.Build.0 = Debug|Any CPU
		{4EE3902F-1316-4014-AE35-82610038798C}.Debug|x86.ActiveCfg = Debug|Any CPU
		{4EE3902F-1316-4014-AE35-82610038798C}.Debug|x86.Build.0 = Debug|Any CPU
		{4EE3902F-1316-4014-AE35-82610038798C}.Release|Any CPU.ActiveCfg = Release|Any CPU
		{4EE3902F-1316-4014-AE35-82610038798C}.Release|Any CPU.Build.0 = Release|Any CPU
		{4EE3902F-1316-4014-AE35-82610038798C}.Release|Mixed Platforms.ActiveCfg = Release|Any CPU
		{4EE3902F-1316-4014-AE35-82610038798C}.Release|Mixed Platforms.Build.0 = Release|Any CPU
		{4EE3902F-1316-4014-AE35-82610038798C}.Release|x64.ActiveCfg = Release|Any CPU
		{4EE3902F-1316-4014-AE35-82610038798C}.Release|x64.Build.0 = Release|Any CPU
		{4EE3902F-1316-4014-AE35-82610038798C}.Release|x86.ActiveCfg = Release|Any CPU
		{4EE3902F-1316-4014-AE35-82610038798C}.Release|x86.Build.0 = Release|Any CPU
	EndGlobalSection
	GlobalSection(SolutionProperties) = preSolution
		HideSolutionNode = FALSE
	EndGlobalSection
	GlobalSection(NestedProjects) = preSolution
		{14BA3006-EC25-4D78-A44E-69B117FE2752} = {D030C8E8-9639-4956-BC06-0C9B1183AD5E}
		{C596116F-2210-4D6F-923C-A6A516E35846} = {D030C8E8-9639-4956-BC06-0C9B1183AD5E}
		{19B3DDFC-5EB8-494D-A7B6-8ECE0AC669DC} = {E9AA0F63-9B4C-4A5F-BDE7-6D178148C429}
		{120CAAE4-814A-43F4-8969-5753D51F8C94} = {992CE409-03B1-42FF-A1E3-C5E68545B36B}
		{A7A94F86-E9F6-439E-8D41-5D25832444ED} = {992CE409-03B1-42FF-A1E3-C5E68545B36B}
		{7FC984D3-9EED-4A08-BA84-337216FAD08B} = {E9AA0F63-9B4C-4A5F-BDE7-6D178148C429}
		{D926563E-BC56-4F49-9FAF-4E24198E4EE4} = {7FC984D3-9EED-4A08-BA84-337216FAD08B}
		{4604FB88-065D-49F0-95BB-D89E3059C2B4} = {7FC984D3-9EED-4A08-BA84-337216FAD08B}
		{54731BF9-2016-4477-A498-FC5B98BB52BD} = {7FC984D3-9EED-4A08-BA84-337216FAD08B}
		{D9B072B8-2A9A-4287-A114-53E55B2BA0E9} = {7FC984D3-9EED-4A08-BA84-337216FAD08B}
		{1C1BF39D-64D9-4C40-A8AC-C4EFE4CE12CA} = {7FC984D3-9EED-4A08-BA84-337216FAD08B}
		{36AA23D6-AE9E-443E-B836-FE5990DB37EF} = {7FC984D3-9EED-4A08-BA84-337216FAD08B}
		{1ABA5A5F-3484-4D41-9208-84205584856B} = {7FC984D3-9EED-4A08-BA84-337216FAD08B}
		{3528BAB7-CC3B-42E8-8A5C-B942433A2574} = {7FC984D3-9EED-4A08-BA84-337216FAD08B}
		{12883CBF-13F8-45E1-9C31-948EE29A3221} = {E9AA0F63-9B4C-4A5F-BDE7-6D178148C429}
		{82AFA902-4B7C-4D9E-8311-4CFF4AA6CDE6} = {F58797EA-2803-4EA9-B889-EFF0BA874CC0}
		{1A40B2CF-AD79-41D5-9815-D6683CE9DE49} = {F58797EA-2803-4EA9-B889-EFF0BA874CC0}
		{758BA291-5909-4F39-8EB9-ACADDF75AD92} = {E9AA0F63-9B4C-4A5F-BDE7-6D178148C429}
		{4EE3902F-1316-4014-AE35-82610038798C} = {54D72DA2-A433-4822-914D-948693A4B765}
	EndGlobalSection
EndGlobal
