
Microsoft Visual Studio Solution File, Format Version 12.00
# Visual Studio 2012
Project("{FAE04EC0-301F-11D3-BF4B-00C04F79EFBC}") = "UpdatesHRM", "UpdatesHRM\UpdatesHRM.csproj", "{1A40B2CF-AD79-41D5-9815-D6683CE9DE49}"
EndProject
Project("{FAE04EC0-301F-11D3-BF4B-00C04F79EFBC}") = "UpdateConfig", "UpdateConfig\UpdateConfig.csproj", "{82AFA902-4B7C-4D9E-8311-4CFF4AA6CDE6}"
EndProject
Global
	GlobalSection(SolutionConfigurationPlatforms) = preSolution
		Debug|Any CPU = Debug|Any CPU
		Debug|x86 = Debug|x86
		Release|Any CPU = Release|Any CPU
		Release|x86 = Release|x86
	EndGlobalSection
	GlobalSection(ProjectConfigurationPlatforms) = postSolution
		{1A40B2CF-AD79-41D5-9815-D6683CE9DE49}.Debug|Any CPU.ActiveCfg = Debug|Any CPU
		{1A40B2CF-AD79-41D5-9815-D6683CE9DE49}.Debug|Any CPU.Build.0 = Debug|Any CPU
		{1A40B2CF-AD79-41D5-9815-D6683CE9DE49}.Debug|x86.ActiveCfg = Debug|Any CPU
		{1A40B2CF-AD79-41D5-9815-D6683CE9DE49}.Debug|x86.Build.0 = Debug|Any CPU
		{1A40B2CF-AD79-41D5-9815-D6683CE9DE49}.Debug|x86.Deploy.0 = Debug|Any CPU
		{1A40B2CF-AD79-41D5-9815-D6683CE9DE49}.Release|Any CPU.ActiveCfg = Release|Any CPU
		{1A40B2CF-AD79-41D5-9815-D6683CE9DE49}.Release|Any CPU.Build.0 = Release|Any CPU
		{1A40B2CF-AD79-41D5-9815-D6683CE9DE49}.Release|x86.ActiveCfg = Release|x86
		{1A40B2CF-AD79-41D5-9815-D6683CE9DE49}.Release|x86.Build.0 = Release|x86
		{82AFA902-4B7C-4D9E-8311-4CFF4AA6CDE6}.Debug|Any CPU.ActiveCfg = Debug|Any CPU
		{82AFA902-4B7C-4D9E-8311-4CFF4AA6CDE6}.Debug|Any CPU.Build.0 = Debug|Any CPU
		{82AFA902-4B7C-4D9E-8311-4CFF4AA6CDE6}.Debug|x86.ActiveCfg = Debug|Any CPU
		{82AFA902-4B7C-4D9E-8311-4CFF4AA6CDE6}.Debug|x86.Build.0 = Debug|Any CPU
		{82AFA902-4B7C-4D9E-8311-4CFF4AA6CDE6}.Release|Any CPU.ActiveCfg = Release|Any CPU
		{82AFA902-4B7C-4D9E-8311-4CFF4AA6CDE6}.Release|Any CPU.Build.0 = Release|Any CPU
		{82AFA902-4B7C-4D9E-8311-4CFF4AA6CDE6}.Release|x86.ActiveCfg = Release|x86
		{82AFA902-4B7C-4D9E-8311-4CFF4AA6CDE6}.Release|x86.Build.0 = Release|x86
	EndGlobalSection
	GlobalSection(SolutionProperties) = preSolution
		HideSolutionNode = FALSE
	EndGlobalSection
EndGlobal
