
Microsoft Visual Studio Solution File, Format Version 10.00
# Visual Studio 2008
Project("{D183A3D8-5FD8-494B-B014-37F57B35E655}") = "PushDataToCenter", "PushDataToCenter.dtproj", "{8A5A363F-BCAB-4162-9DB6-BD70AFB624EA}"
EndProject
Global
	GlobalSection(SolutionConfigurationPlatforms) = preSolution
		Development|Default = Development|Default
	EndGlobalSection
	GlobalSection(ProjectConfigurationPlatforms) = postSolution
		{8A5A363F-BCAB-4162-9DB6-BD70AFB624EA}.Development|Default.ActiveCfg = Development
		{8A5A363F-BCAB-4162-9DB6-BD70AFB624EA}.Development|Default.Build.0 = Development
	EndGlobalSection
	GlobalSection(SolutionProperties) = preSolution
		HideSolutionNode = FALSE
	EndGlobalSection
EndGlobal
