
Microsoft Visual Studio Solution File, Format Version 12.00
# Visual Studio 2012
Project("{FAE04EC0-301F-11D3-BF4B-00C04F79EFBC}") = "iHRM.Web", "Web\iHRM.Web.csproj", "{14BA3006-EC25-4D78-A44E-69B117FE2752}"
EndProject
Project("{F184B08F-C81C-45F6-A57F-5ABD9991F28F}") = "iTemplate", "iTemplate\iTemplate.vbproj", "{C596116F-2210-4D6F-923C-A6A516E35846}"
EndProject
Global
	GlobalSection(SolutionConfigurationPlatforms) = preSolution
		Debug|Any CPU = Debug|Any CPU
		Debug|Mixed Platforms = Debug|Mixed Platforms
		Debug|x86 = Debug|x86
		Release|Any CPU = Release|Any CPU
		Release|Mixed Platforms = Release|Mixed Platforms
		Release|x86 = Release|x86
	EndGlobalSection
	GlobalSection(ProjectConfigurationPlatforms) = postSolution
		{14BA3006-EC25-4D78-A44E-69B117FE2752}.Debug|Any CPU.ActiveCfg = Debug|Any CPU
		{14BA3006-EC25-4D78-A44E-69B117FE2752}.Debug|Any CPU.Build.0 = Debug|Any CPU
		{14BA3006-EC25-4D78-A44E-69B117FE2752}.Debug|Mixed Platforms.ActiveCfg = Debug|x86
		{14BA3006-EC25-4D78-A44E-69B117FE2752}.Debug|Mixed Platforms.Build.0 = Debug|x86
		{14BA3006-EC25-4D78-A44E-69B117FE2752}.Debug|x86.ActiveCfg = Debug|x86
		{14BA3006-EC25-4D78-A44E-69B117FE2752}.Debug|x86.Build.0 = Debug|x86
		{14BA3006-EC25-4D78-A44E-69B117FE2752}.Release|Any CPU.ActiveCfg = Release|Any CPU
		{14BA3006-EC25-4D78-A44E-69B117FE2752}.Release|Any CPU.Build.0 = Release|Any CPU
		{14BA3006-EC25-4D78-A44E-69B117FE2752}.Release|Mixed Platforms.ActiveCfg = Release|x86
		{14BA3006-EC25-4D78-A44E-69B117FE2752}.Release|Mixed Platforms.Build.0 = Release|x86
		{14BA3006-EC25-4D78-A44E-69B117FE2752}.Release|x86.ActiveCfg = Release|x86
		{14BA3006-EC25-4D78-A44E-69B117FE2752}.Release|x86.Build.0 = Release|x86
		{C596116F-2210-4D6F-923C-A6A516E35846}.Debug|Any CPU.ActiveCfg = Debug|Any CPU
		{C596116F-2210-4D6F-923C-A6A516E35846}.Debug|Any CPU.Build.0 = Debug|Any CPU
		{C596116F-2210-4D6F-923C-A6A516E35846}.Debug|Mixed Platforms.ActiveCfg = Debug|Any CPU
		{C596116F-2210-4D6F-923C-A6A516E35846}.Debug|Mixed Platforms.Build.0 = Debug|Any CPU
		{C596116F-2210-4D6F-923C-A6A516E35846}.Debug|x86.ActiveCfg = Debug|Any CPU
		{C596116F-2210-4D6F-923C-A6A516E35846}.Release|Any CPU.ActiveCfg = Release|Any CPU
		{C596116F-2210-4D6F-923C-A6A516E35846}.Release|Any CPU.Build.0 = Release|Any CPU
		{C596116F-2210-4D6F-923C-A6A516E35846}.Release|Mixed Platforms.ActiveCfg = Release|Any CPU
		{C596116F-2210-4D6F-923C-A6A516E35846}.Release|Mixed Platforms.Build.0 = Release|Any CPU
		{C596116F-2210-4D6F-923C-A6A516E35846}.Release|x86.ActiveCfg = Release|Any CPU
	EndGlobalSection
	GlobalSection(SolutionProperties) = preSolution
		HideSolutionNode = FALSE
	EndGlobalSection
EndGlobal
